
Microsoft Visual Studio Solution File, Format Version 12.00
# Visual Studio Version 17
VisualStudioVersion = 17.4.33110.190
MinimumVisualStudioVersion = 10.0.40219.1
Project("{FAE04EC0-301F-11D3-BF4B-00C04F79EFBC}") = "wpf-luz", "wpf-luz\wpf-luz.csproj", "{4F2C41C4-18B5-49F3-949D-29B6C9726D92}"
EndProject
Global
	GlobalSection(SolutionConfigurationPlatforms) = preSolution
		Debug|Any CPU = Debug|Any CPU
		Release|Any CPU = Release|Any CPU
	EndGlobalSection
	GlobalSection(ProjectConfigurationPlatforms) = postSolution
		{4F2C41C4-18B5-49F3-949D-29B6C9726D92}.Debug|Any CPU.ActiveCfg = Debug|Any CPU
		{4F2C41C4-18B5-49F3-949D-29B6C9726D92}.Debug|Any CPU.Build.0 = Debug|Any CPU
		{4F2C41C4-18B5-49F3-949D-29B6C9726D92}.Release|Any CPU.ActiveCfg = Release|Any CPU
		{4F2C41C4-18B5-49F3-949D-29B6C9726D92}.Release|Any CPU.Build.0 = Release|Any CPU
	EndGlobalSection
	GlobalSection(SolutionProperties) = preSolution
		HideSolutionNode = FALSE
	EndGlobalSection
	GlobalSection(ExtensibilityGlobals) = postSolution
		SolutionGuid = {DFC2890E-06BE-49D9-9B3B-7443029846DB}
	EndGlobalSection
EndGlobal
